
Microsoft Visual Studio Solution File, Format Version 12.00
# Visual Studio Version 17
VisualStudioVersion = 17.0.31903.59
MinimumVisualStudioVersion = 10.0.40219.1
Project("{FAE04EC0-301F-11D3-BF4B-00C04F79EFBC}") = "Ivy", "Ivy\Ivy.csproj", "{B53D1F0F-5A61-424C-B3BD-9536F1361965}"
EndProject
Project("{FAE04EC0-301F-11D3-BF4B-00C04F79EFBC}") = "Ivy.Auth.Authelia", "Ivy.Auth.Authelia\Ivy.Auth.Authelia.csproj", "{3279DCCC-D846-4CB0-B69B-76411D8BB509}"
EndProject
Project("{FAE04EC0-301F-11D3-BF4B-00C04F79EFBC}") = "Ivy.Auth.Supabase", "Ivy.Auth.Supabase\Ivy.Auth.Supabase.csproj", "{BF7683F5-2ADF-447F-B1CA-A71EE48D8906}"
EndProject
Project("{FAE04EC0-301F-11D3-BF4B-00C04F79EFBC}") = "Ivy.Auth.Auth0", "Ivy.Auth.Auth0\Ivy.Auth.Auth0.csproj", "{C4E8D122-8B3F-4F91-A2C4-5F7B88E9D4A1}"
EndProject
Project("{FAE04EC0-301F-11D3-BF4B-00C04F79EFBC}") = "Ivy.Docs", "Ivy.Docs\Ivy.Docs.csproj", "{1F349522-035E-4027-B7D2-34D1BCB86EF5}"
EndProject
Project("{FAE04EC0-301F-11D3-BF4B-00C04F79EFBC}") = "Ivy.Docs.Test", "Ivy.Docs.Test\Ivy.Docs.Test.csproj", "{0D440EEC-55E6-499C-A46A-6A431F1D0F55}"
EndProject
Project("{FAE04EC0-301F-11D3-BF4B-00C04F79EFBC}") = "Ivy.Docs.Tools", "Ivy.Docs.Tools\Ivy.Docs.Tools.csproj", "{3A0DAE09-A581-4BB5-9C3D-9393A4788BF3}"
EndProject
Project("{FAE04EC0-301F-11D3-BF4B-00C04F79EFBC}") = "Ivy.Docs.Tools.Test", "Ivy.Docs.Tools.Test\Ivy.Docs.Tools.Test.csproj", "{281E3D76-9B00-48A5-8132-D9502B906892}"
EndProject
Project("{FAE04EC0-301F-11D3-BF4B-00C04F79EFBC}") = "Ivy.Samples", "Ivy.Samples\Ivy.Samples.csproj", "{79C7FDC7-080F-4AB2-A8B8-FC160543621F}"
EndProject
Project("{FAE04EC0-301F-11D3-BF4B-00C04F79EFBC}") = "Ivy.Test", "Ivy.Test\Ivy.Test.csproj", "{930657BD-CED1-4026-B3F9-7FA92E8B1423}"
EndProject
Project("{2150E333-8FDC-42A3-9474-1A3956D46DE8}") = "Auth", "Auth", "{38A7ABF6-7F6C-45EA-8F6E-E225A2165F73}"
EndProject
Project("{2150E333-8FDC-42A3-9474-1A3956D46DE8}") = "Tools", "Tools", "{DAC40F4C-0DE7-413B-9DAB-7E1D3FC1E960}"
EndProject
Project("{FAE04EC0-301F-11D3-BF4B-00C04F79EFBC}") = "Ivy.Auth.Supabase.Test", "Ivy.Auth.Supabase.Test\Ivy.Auth.Supabase.Test.csproj", "{B754A44F-61C0-4908-BAA1-B3F726AE22FE}"
EndProject
Project("{FAE04EC0-301F-11D3-BF4B-00C04F79EFBC}") = "Ivy.Auth.MicrosoftEntra", "Ivy.Auth.MicrosoftEntra\Ivy.Auth.MicrosoftEntra.csproj", "{CDCEEBA2-FF25-43BC-A2E0-6E6C02FDF935}"
EndProject
Project("{FAE04EC0-301F-11D3-BF4B-00C04F79EFBC}") = "Ivy.Samples.Shared", "Ivy.Samples.Shared\Ivy.Samples.Shared.csproj", "{D71B2DD3-2080-442D-B4AA-907CDF10275C}"
EndProject
Project("{FAE04EC0-301F-11D3-BF4B-00C04F79EFBC}") = "Ivy.Docs.Shared", "Ivy.Docs.Shared\Ivy.Docs.Shared.csproj", "{8945D757-9702-48C1-82CF-630620A19341}"
EndProject
Global
	GlobalSection(SolutionConfigurationPlatforms) = preSolution
		Debug|Any CPU = Debug|Any CPU
		Debug|x64 = Debug|x64
		Debug|x86 = Debug|x86
		Release|Any CPU = Release|Any CPU
		Release|x64 = Release|x64
		Release|x86 = Release|x86
	EndGlobalSection
	GlobalSection(ProjectConfigurationPlatforms) = postSolution
		{B53D1F0F-5A61-424C-B3BD-9536F1361965}.Debug|Any CPU.ActiveCfg = Debug|Any CPU
		{B53D1F0F-5A61-424C-B3BD-9536F1361965}.Debug|Any CPU.Build.0 = Debug|Any CPU
		{B53D1F0F-5A61-424C-B3BD-9536F1361965}.Debug|x64.ActiveCfg = Debug|Any CPU
		{B53D1F0F-5A61-424C-B3BD-9536F1361965}.Debug|x64.Build.0 = Debug|Any CPU
		{B53D1F0F-5A61-424C-B3BD-9536F1361965}.Debug|x86.ActiveCfg = Debug|Any CPU
		{B53D1F0F-5A61-424C-B3BD-9536F1361965}.Debug|x86.Build.0 = Debug|Any CPU
		{B53D1F0F-5A61-424C-B3BD-9536F1361965}.Release|Any CPU.ActiveCfg = Release|Any CPU
		{B53D1F0F-5A61-424C-B3BD-9536F1361965}.Release|Any CPU.Build.0 = Release|Any CPU
		{B53D1F0F-5A61-424C-B3BD-9536F1361965}.Release|x64.ActiveCfg = Release|Any CPU
		{B53D1F0F-5A61-424C-B3BD-9536F1361965}.Release|x64.Build.0 = Release|Any CPU
		{B53D1F0F-5A61-424C-B3BD-9536F1361965}.Release|x86.ActiveCfg = Release|Any CPU
		{B53D1F0F-5A61-424C-B3BD-9536F1361965}.Release|x86.Build.0 = Release|Any CPU
		{3279DCCC-D846-4CB0-B69B-76411D8BB509}.Debug|Any CPU.ActiveCfg = Debug|Any CPU
		{3279DCCC-D846-4CB0-B69B-76411D8BB509}.Debug|Any CPU.Build.0 = Debug|Any CPU
		{3279DCCC-D846-4CB0-B69B-76411D8BB509}.Debug|x64.ActiveCfg = Debug|Any CPU
		{3279DCCC-D846-4CB0-B69B-76411D8BB509}.Debug|x64.Build.0 = Debug|Any CPU
		{3279DCCC-D846-4CB0-B69B-76411D8BB509}.Debug|x86.ActiveCfg = Debug|Any CPU
		{3279DCCC-D846-4CB0-B69B-76411D8BB509}.Debug|x86.Build.0 = Debug|Any CPU
		{3279DCCC-D846-4CB0-B69B-76411D8BB509}.Release|Any CPU.ActiveCfg = Release|Any CPU
		{3279DCCC-D846-4CB0-B69B-76411D8BB509}.Release|Any CPU.Build.0 = Release|Any CPU
		{3279DCCC-D846-4CB0-B69B-76411D8BB509}.Release|x64.ActiveCfg = Release|Any CPU
		{3279DCCC-D846-4CB0-B69B-76411D8BB509}.Release|x64.Build.0 = Release|Any CPU
		{3279DCCC-D846-4CB0-B69B-76411D8BB509}.Release|x86.ActiveCfg = Release|Any CPU
		{3279DCCC-D846-4CB0-B69B-76411D8BB509}.Release|x86.Build.0 = Release|Any CPU
		{BF7683F5-2ADF-447F-B1CA-A71EE48D8906}.Debug|Any CPU.ActiveCfg = Debug|Any CPU
		{BF7683F5-2ADF-447F-B1CA-A71EE48D8906}.Debug|Any CPU.Build.0 = Debug|Any CPU
		{BF7683F5-2ADF-447F-B1CA-A71EE48D8906}.Debug|x64.ActiveCfg = Debug|Any CPU
		{BF7683F5-2ADF-447F-B1CA-A71EE48D8906}.Debug|x64.Build.0 = Debug|Any CPU
		{BF7683F5-2ADF-447F-B1CA-A71EE48D8906}.Debug|x86.ActiveCfg = Debug|Any CPU
		{BF7683F5-2ADF-447F-B1CA-A71EE48D8906}.Debug|x86.Build.0 = Debug|Any CPU
		{BF7683F5-2ADF-447F-B1CA-A71EE48D8906}.Release|Any CPU.ActiveCfg = Release|Any CPU
		{BF7683F5-2ADF-447F-B1CA-A71EE48D8906}.Release|Any CPU.Build.0 = Release|Any CPU
		{C4E8D122-8B3F-4F91-A2C4-5F7B88E9D4A1}.Debug|Any CPU.ActiveCfg = Debug|Any CPU
		{C4E8D122-8B3F-4F91-A2C4-5F7B88E9D4A1}.Debug|Any CPU.Build.0 = Debug|Any CPU
		{C4E8D122-8B3F-4F91-A2C4-5F7B88E9D4A1}.Release|Any CPU.ActiveCfg = Release|Any CPU
		{C4E8D122-8B3F-4F91-A2C4-5F7B88E9D4A1}.Release|Any CPU.Build.0 = Release|Any CPU
		{BF7683F5-2ADF-447F-B1CA-A71EE48D8906}.Release|x64.ActiveCfg = Release|Any CPU
		{BF7683F5-2ADF-447F-B1CA-A71EE48D8906}.Release|x64.Build.0 = Release|Any CPU
		{BF7683F5-2ADF-447F-B1CA-A71EE48D8906}.Release|x86.ActiveCfg = Release|Any CPU
		{BF7683F5-2ADF-447F-B1CA-A71EE48D8906}.Release|x86.Build.0 = Release|Any CPU
		{1F349522-035E-4027-B7D2-34D1BCB86EF5}.Debug|Any CPU.ActiveCfg = Debug|Any CPU
		{1F349522-035E-4027-B7D2-34D1BCB86EF5}.Debug|Any CPU.Build.0 = Debug|Any CPU
		{1F349522-035E-4027-B7D2-34D1BCB86EF5}.Debug|x64.ActiveCfg = Debug|Any CPU
		{1F349522-035E-4027-B7D2-34D1BCB86EF5}.Debug|x64.Build.0 = Debug|Any CPU
		{1F349522-035E-4027-B7D2-34D1BCB86EF5}.Debug|x86.ActiveCfg = Debug|Any CPU
		{1F349522-035E-4027-B7D2-34D1BCB86EF5}.Debug|x86.Build.0 = Debug|Any CPU
		{1F349522-035E-4027-B7D2-34D1BCB86EF5}.Release|Any CPU.ActiveCfg = Release|Any CPU
		{1F349522-035E-4027-B7D2-34D1BCB86EF5}.Release|Any CPU.Build.0 = Release|Any CPU
		{1F349522-035E-4027-B7D2-34D1BCB86EF5}.Release|x64.ActiveCfg = Release|Any CPU
		{1F349522-035E-4027-B7D2-34D1BCB86EF5}.Release|x64.Build.0 = Release|Any CPU
		{1F349522-035E-4027-B7D2-34D1BCB86EF5}.Release|x86.ActiveCfg = Release|Any CPU
		{1F349522-035E-4027-B7D2-34D1BCB86EF5}.Release|x86.Build.0 = Release|Any CPU
		{0D440EEC-55E6-499C-A46A-6A431F1D0F55}.Debug|Any CPU.ActiveCfg = Debug|Any CPU
		{0D440EEC-55E6-499C-A46A-6A431F1D0F55}.Debug|Any CPU.Build.0 = Debug|Any CPU
		{0D440EEC-55E6-499C-A46A-6A431F1D0F55}.Debug|x64.ActiveCfg = Debug|Any CPU
		{0D440EEC-55E6-499C-A46A-6A431F1D0F55}.Debug|x64.Build.0 = Debug|Any CPU
		{0D440EEC-55E6-499C-A46A-6A431F1D0F55}.Debug|x86.ActiveCfg = Debug|Any CPU
		{0D440EEC-55E6-499C-A46A-6A431F1D0F55}.Debug|x86.Build.0 = Debug|Any CPU
		{0D440EEC-55E6-499C-A46A-6A431F1D0F55}.Release|Any CPU.ActiveCfg = Release|Any CPU
		{0D440EEC-55E6-499C-A46A-6A431F1D0F55}.Release|Any CPU.Build.0 = Release|Any CPU
		{0D440EEC-55E6-499C-A46A-6A431F1D0F55}.Release|x64.ActiveCfg = Release|Any CPU
		{0D440EEC-55E6-499C-A46A-6A431F1D0F55}.Release|x64.Build.0 = Release|Any CPU
		{0D440EEC-55E6-499C-A46A-6A431F1D0F55}.Release|x86.ActiveCfg = Release|Any CPU
		{0D440EEC-55E6-499C-A46A-6A431F1D0F55}.Release|x86.Build.0 = Release|Any CPU
		{3A0DAE09-A581-4BB5-9C3D-9393A4788BF3}.Debug|Any CPU.ActiveCfg = Debug|Any CPU
		{3A0DAE09-A581-4BB5-9C3D-9393A4788BF3}.Debug|Any CPU.Build.0 = Debug|Any CPU
		{3A0DAE09-A581-4BB5-9C3D-9393A4788BF3}.Debug|x64.ActiveCfg = Debug|Any CPU
		{3A0DAE09-A581-4BB5-9C3D-9393A4788BF3}.Debug|x64.Build.0 = Debug|Any CPU
		{3A0DAE09-A581-4BB5-9C3D-9393A4788BF3}.Debug|x86.ActiveCfg = Debug|Any CPU
		{3A0DAE09-A581-4BB5-9C3D-9393A4788BF3}.Debug|x86.Build.0 = Debug|Any CPU
		{3A0DAE09-A581-4BB5-9C3D-9393A4788BF3}.Release|Any CPU.ActiveCfg = Release|Any CPU
		{3A0DAE09-A581-4BB5-9C3D-9393A4788BF3}.Release|Any CPU.Build.0 = Release|Any CPU
		{3A0DAE09-A581-4BB5-9C3D-9393A4788BF3}.Release|x64.ActiveCfg = Release|Any CPU
		{3A0DAE09-A581-4BB5-9C3D-9393A4788BF3}.Release|x64.Build.0 = Release|Any CPU
		{3A0DAE09-A581-4BB5-9C3D-9393A4788BF3}.Release|x86.ActiveCfg = Release|Any CPU
		{3A0DAE09-A581-4BB5-9C3D-9393A4788BF3}.Release|x86.Build.0 = Release|Any CPU
		{281E3D76-9B00-48A5-8132-D9502B906892}.Debug|Any CPU.ActiveCfg = Debug|Any CPU
		{281E3D76-9B00-48A5-8132-D9502B906892}.Debug|Any CPU.Build.0 = Debug|Any CPU
		{281E3D76-9B00-48A5-8132-D9502B906892}.Debug|x64.ActiveCfg = Debug|Any CPU
		{281E3D76-9B00-48A5-8132-D9502B906892}.Debug|x64.Build.0 = Debug|Any CPU
		{281E3D76-9B00-48A5-8132-D9502B906892}.Debug|x86.ActiveCfg = Debug|Any CPU
		{281E3D76-9B00-48A5-8132-D9502B906892}.Debug|x86.Build.0 = Debug|Any CPU
		{281E3D76-9B00-48A5-8132-D9502B906892}.Release|Any CPU.ActiveCfg = Release|Any CPU
		{281E3D76-9B00-48A5-8132-D9502B906892}.Release|Any CPU.Build.0 = Release|Any CPU
		{281E3D76-9B00-48A5-8132-D9502B906892}.Release|x64.ActiveCfg = Release|Any CPU
		{281E3D76-9B00-48A5-8132-D9502B906892}.Release|x64.Build.0 = Release|Any CPU
		{281E3D76-9B00-48A5-8132-D9502B906892}.Release|x86.ActiveCfg = Release|Any CPU
		{281E3D76-9B00-48A5-8132-D9502B906892}.Release|x86.Build.0 = Release|Any CPU
		{79C7FDC7-080F-4AB2-A8B8-FC160543621F}.Debug|Any CPU.ActiveCfg = Debug|Any CPU
		{79C7FDC7-080F-4AB2-A8B8-FC160543621F}.Debug|Any CPU.Build.0 = Debug|Any CPU
		{79C7FDC7-080F-4AB2-A8B8-FC160543621F}.Debug|x64.ActiveCfg = Debug|Any CPU
		{79C7FDC7-080F-4AB2-A8B8-FC160543621F}.Debug|x64.Build.0 = Debug|Any CPU
		{79C7FDC7-080F-4AB2-A8B8-FC160543621F}.Debug|x86.ActiveCfg = Debug|Any CPU
		{79C7FDC7-080F-4AB2-A8B8-FC160543621F}.Debug|x86.Build.0 = Debug|Any CPU
		{79C7FDC7-080F-4AB2-A8B8-FC160543621F}.Release|Any CPU.ActiveCfg = Release|Any CPU
		{79C7FDC7-080F-4AB2-A8B8-FC160543621F}.Release|Any CPU.Build.0 = Release|Any CPU
		{79C7FDC7-080F-4AB2-A8B8-FC160543621F}.Release|x64.ActiveCfg = Release|Any CPU
		{79C7FDC7-080F-4AB2-A8B8-FC160543621F}.Release|x64.Build.0 = Release|Any CPU
		{79C7FDC7-080F-4AB2-A8B8-FC160543621F}.Release|x86.ActiveCfg = Release|Any CPU
		{79C7FDC7-080F-4AB2-A8B8-FC160543621F}.Release|x86.Build.0 = Release|Any CPU
		{930657BD-CED1-4026-B3F9-7FA92E8B1423}.Debug|Any CPU.ActiveCfg = Debug|Any CPU
		{930657BD-CED1-4026-B3F9-7FA92E8B1423}.Debug|Any CPU.Build.0 = Debug|Any CPU
		{930657BD-CED1-4026-B3F9-7FA92E8B1423}.Debug|x64.ActiveCfg = Debug|Any CPU
		{930657BD-CED1-4026-B3F9-7FA92E8B1423}.Debug|x64.Build.0 = Debug|Any CPU
		{930657BD-CED1-4026-B3F9-7FA92E8B1423}.Debug|x86.ActiveCfg = Debug|Any CPU
		{930657BD-CED1-4026-B3F9-7FA92E8B1423}.Debug|x86.Build.0 = Debug|Any CPU
		{930657BD-CED1-4026-B3F9-7FA92E8B1423}.Release|Any CPU.ActiveCfg = Release|Any CPU
		{930657BD-CED1-4026-B3F9-7FA92E8B1423}.Release|Any CPU.Build.0 = Release|Any CPU
		{930657BD-CED1-4026-B3F9-7FA92E8B1423}.Release|x64.ActiveCfg = Release|Any CPU
		{930657BD-CED1-4026-B3F9-7FA92E8B1423}.Release|x64.Build.0 = Release|Any CPU
		{930657BD-CED1-4026-B3F9-7FA92E8B1423}.Release|x86.ActiveCfg = Release|Any CPU
		{930657BD-CED1-4026-B3F9-7FA92E8B1423}.Release|x86.Build.0 = Release|Any CPU
		{B754A44F-61C0-4908-BAA1-B3F726AE22FE}.Debug|Any CPU.ActiveCfg = Debug|Any CPU
		{B754A44F-61C0-4908-BAA1-B3F726AE22FE}.Debug|Any CPU.Build.0 = Debug|Any CPU
		{B754A44F-61C0-4908-BAA1-B3F726AE22FE}.Debug|x64.ActiveCfg = Debug|Any CPU
		{B754A44F-61C0-4908-BAA1-B3F726AE22FE}.Debug|x64.Build.0 = Debug|Any CPU
		{B754A44F-61C0-4908-BAA1-B3F726AE22FE}.Debug|x86.ActiveCfg = Debug|Any CPU
		{B754A44F-61C0-4908-BAA1-B3F726AE22FE}.Debug|x86.Build.0 = Debug|Any CPU
		{B754A44F-61C0-4908-BAA1-B3F726AE22FE}.Release|Any CPU.ActiveCfg = Release|Any CPU
		{B754A44F-61C0-4908-BAA1-B3F726AE22FE}.Release|Any CPU.Build.0 = Release|Any CPU
		{B754A44F-61C0-4908-BAA1-B3F726AE22FE}.Release|x64.ActiveCfg = Release|Any CPU
		{B754A44F-61C0-4908-BAA1-B3F726AE22FE}.Release|x64.Build.0 = Release|Any CPU
		{B754A44F-61C0-4908-BAA1-B3F726AE22FE}.Release|x86.ActiveCfg = Release|Any CPU
		{B754A44F-61C0-4908-BAA1-B3F726AE22FE}.Release|x86.Build.0 = Release|Any CPU
		{CDCEEBA2-FF25-43BC-A2E0-6E6C02FDF935}.Debug|Any CPU.ActiveCfg = Debug|Any CPU
		{CDCEEBA2-FF25-43BC-A2E0-6E6C02FDF935}.Debug|Any CPU.Build.0 = Debug|Any CPU
		{CDCEEBA2-FF25-43BC-A2E0-6E6C02FDF935}.Debug|x64.ActiveCfg = Debug|Any CPU
		{CDCEEBA2-FF25-43BC-A2E0-6E6C02FDF935}.Debug|x64.Build.0 = Debug|Any CPU
		{CDCEEBA2-FF25-43BC-A2E0-6E6C02FDF935}.Debug|x86.ActiveCfg = Debug|Any CPU
		{CDCEEBA2-FF25-43BC-A2E0-6E6C02FDF935}.Debug|x86.Build.0 = Debug|Any CPU
		{CDCEEBA2-FF25-43BC-A2E0-6E6C02FDF935}.Release|Any CPU.ActiveCfg = Release|Any CPU
		{CDCEEBA2-FF25-43BC-A2E0-6E6C02FDF935}.Release|Any CPU.Build.0 = Release|Any CPU
		{CDCEEBA2-FF25-43BC-A2E0-6E6C02FDF935}.Release|x64.ActiveCfg = Release|Any CPU
		{CDCEEBA2-FF25-43BC-A2E0-6E6C02FDF935}.Release|x64.Build.0 = Release|Any CPU
		{CDCEEBA2-FF25-43BC-A2E0-6E6C02FDF935}.Release|x86.ActiveCfg = Release|Any CPU
		{CDCEEBA2-FF25-43BC-A2E0-6E6C02FDF935}.Release|x86.Build.0 = Release|Any CPU
		{D71B2DD3-2080-442D-B4AA-907CDF10275C}.Debug|Any CPU.ActiveCfg = Debug|Any CPU
		{D71B2DD3-2080-442D-B4AA-907CDF10275C}.Debug|Any CPU.Build.0 = Debug|Any CPU
		{D71B2DD3-2080-442D-B4AA-907CDF10275C}.Debug|x64.ActiveCfg = Debug|Any CPU
		{D71B2DD3-2080-442D-B4AA-907CDF10275C}.Debug|x64.Build.0 = Debug|Any CPU
		{D71B2DD3-2080-442D-B4AA-907CDF10275C}.Debug|x86.ActiveCfg = Debug|Any CPU
		{D71B2DD3-2080-442D-B4AA-907CDF10275C}.Debug|x86.Build.0 = Debug|Any CPU
		{D71B2DD3-2080-442D-B4AA-907CDF10275C}.Release|Any CPU.ActiveCfg = Release|Any CPU
		{D71B2DD3-2080-442D-B4AA-907CDF10275C}.Release|Any CPU.Build.0 = Release|Any CPU
		{D71B2DD3-2080-442D-B4AA-907CDF10275C}.Release|x64.ActiveCfg = Release|Any CPU
		{D71B2DD3-2080-442D-B4AA-907CDF10275C}.Release|x64.Build.0 = Release|Any CPU
		{D71B2DD3-2080-442D-B4AA-907CDF10275C}.Release|x86.ActiveCfg = Release|Any CPU
		{D71B2DD3-2080-442D-B4AA-907CDF10275C}.Release|x86.Build.0 = Release|Any CPU
		{8945D757-9702-48C1-82CF-630620A19341}.Debug|Any CPU.ActiveCfg = Debug|Any CPU
		{8945D757-9702-48C1-82CF-630620A19341}.Debug|Any CPU.Build.0 = Debug|Any CPU
		{8945D757-9702-48C1-82CF-630620A19341}.Debug|x64.ActiveCfg = Debug|Any CPU
		{8945D757-9702-48C1-82CF-630620A19341}.Debug|x64.Build.0 = Debug|Any CPU
		{8945D757-9702-48C1-82CF-630620A19341}.Debug|x86.ActiveCfg = Debug|Any CPU
		{8945D757-9702-48C1-82CF-630620A19341}.Debug|x86.Build.0 = Debug|Any CPU
		{8945D757-9702-48C1-82CF-630620A19341}.Release|Any CPU.ActiveCfg = Release|Any CPU
		{8945D757-9702-48C1-82CF-630620A19341}.Release|Any CPU.Build.0 = Release|Any CPU
		{8945D757-9702-48C1-82CF-630620A19341}.Release|x64.ActiveCfg = Release|Any CPU
		{8945D757-9702-48C1-82CF-630620A19341}.Release|x64.Build.0 = Release|Any CPU
		{8945D757-9702-48C1-82CF-630620A19341}.Release|x86.ActiveCfg = Release|Any CPU
		{8945D757-9702-48C1-82CF-630620A19341}.Release|x86.Build.0 = Release|Any CPU
	EndGlobalSection
	GlobalSection(SolutionProperties) = preSolution
		HideSolutionNode = FALSE
	EndGlobalSection
	GlobalSection(NestedProjects) = preSolution
		{3279DCCC-D846-4CB0-B69B-76411D8BB509} = {38A7ABF6-7F6C-45EA-8F6E-E225A2165F73}
		{BF7683F5-2ADF-447F-B1CA-A71EE48D8906} = {38A7ABF6-7F6C-45EA-8F6E-E225A2165F73}
		{C4E8D122-8B3F-4F91-A2C4-5F7B88E9D4A1} = {38A7ABF6-7F6C-45EA-8F6E-E225A2165F73}
		{3A0DAE09-A581-4BB5-9C3D-9393A4788BF3} = {DAC40F4C-0DE7-413B-9DAB-7E1D3FC1E960}
		{281E3D76-9B00-48A5-8132-D9502B906892} = {DAC40F4C-0DE7-413B-9DAB-7E1D3FC1E960}
		{B754A44F-61C0-4908-BAA1-B3F726AE22FE} = {38A7ABF6-7F6C-45EA-8F6E-E225A2165F73}
		{CDCEEBA2-FF25-43BC-A2E0-6E6C02FDF935} = {38A7ABF6-7F6C-45EA-8F6E-E225A2165F73}
	EndGlobalSection
EndGlobal
