
Microsoft Visual Studio Solution File, Format Version 12.00
# Visual Studio Version 17
VisualStudioVersion = 17.0.31903.59
MinimumVisualStudioVersion = 10.0.40219.1
Project("{FAE04EC0-301F-11D3-BF4B-00C04F79EFBC}") = "Ivy.Analyser", "Ivy.Analyser.csproj", "{E46B803D-5146-4EEC-ADE4-883A8636082F}"
EndProject
Project("{FAE04EC0-301F-11D3-BF4B-00C04F79EFBC}") = "Ivy.Analyser.Tests", "Ivy.Analyser.Tests\Ivy.Analyser.Tests.csproj", "{FEEA1B78-D0A8-4FC5-9F7A-9DB7E7640CBE}"
EndProject
Global
	GlobalSection(SolutionConfigurationPlatforms) = preSolution
		Debug|Any CPU = Debug|Any CPU
		Release|Any CPU = Release|Any CPU
	EndGlobalSection
	GlobalSection(SolutionProperties) = preSolution
		HideSolutionNode = FALSE
	EndGlobalSection
	GlobalSection(ProjectConfigurationPlatforms) = postSolution
		{E46B803D-5146-4EEC-ADE4-883A8636082F}.Debug|Any CPU.ActiveCfg = Debug|Any CPU
		{E46B803D-5146-4EEC-ADE4-883A8636082F}.Debug|Any CPU.Build.0 = Debug|Any CPU
		{E46B803D-5146-4EEC-ADE4-883A8636082F}.Release|Any CPU.ActiveCfg = Release|Any CPU
		{E46B803D-5146-4EEC-ADE4-883A8636082F}.Release|Any CPU.Build.0 = Release|Any CPU
		{FEEA1B78-D0A8-4FC5-9F7A-9DB7E7640CBE}.Debug|Any CPU.ActiveCfg = Debug|Any CPU
		{FEEA1B78-D0A8-4FC5-9F7A-9DB7E7640CBE}.Debug|Any CPU.Build.0 = Debug|Any CPU
		{FEEA1B78-D0A8-4FC5-9F7A-9DB7E7640CBE}.Release|Any CPU.ActiveCfg = Release|Any CPU
		{FEEA1B78-D0A8-4FC5-9F7A-9DB7E7640CBE}.Release|Any CPU.Build.0 = Release|Any CPU
	EndGlobalSection
EndGlobal
